// !$*UTF8*$!
{
	archiveVersion = 1;
	classes = {
	};
	objectVersion = 46;
	objects = {

/* Begin PBXBuildFile section */
		871BB6FB1F48D19900F29993 /* NotificationCenter.framework in Frameworks */ = {isa = PBXBuildFile; fileRef = 871BB6FA1F48D19900F29993 /* NotificationCenter.framework */; settings = {ASSET_TAGS = (); }; };
		871BB6FE1F48D19900F29993 /* TodayViewController.swift in Sources */ = {isa = PBXBuildFile; fileRef = 871BB6FD1F48D19900F29993 /* TodayViewController.swift */; };
		871BB7011F48D19900F29993 /* MainInterface.storyboard in Resources */ = {isa = PBXBuildFile; fileRef = 871BB6FF1F48D19900F29993 /* MainInterface.storyboard */; };
		871BB7051F48D19900F29993 /* WeatherWidget.appex in Embed App Extensions */ = {isa = PBXBuildFile; fileRef = 871BB6F81F48D19900F29993 /* WeatherWidget.appex */; settings = {ATTRIBUTES = (RemoveHeadersOnCopy, ); }; };
		872B44E11F587F4400663951 /* AppSettings.swift in Sources */ = {isa = PBXBuildFile; fileRef = 872B44E01F587F4400663951 /* AppSettings.swift */; settings = {ASSET_TAGS = (); }; };
		872B44E31F58893D00663951 /* JSONSerialisation.swift in Sources */ = {isa = PBXBuildFile; fileRef = 872B44E21F58893D00663951 /* JSONSerialisation.swift */; settings = {ASSET_TAGS = (); }; };
		8736E5631F57063100766822 /* MenuHelper.swift in Sources */ = {isa = PBXBuildFile; fileRef = 8736E5621F57063100766822 /* MenuHelper.swift */; settings = {ASSET_TAGS = (); }; };
		8748A8CB1F56B44600AA6837 /* MenuBar.swift in Sources */ = {isa = PBXBuildFile; fileRef = 8748A8CA1F56B44600AA6837 /* MenuBar.swift */; settings = {ASSET_TAGS = (); }; };
		87507AE91F558BEE00CC4234 /* Main.storyboard in Resources */ = {isa = PBXBuildFile; fileRef = 87507AE81F558BEE00CC4234 /* Main.storyboard */; settings = {ASSET_TAGS = (); }; };
		87507AEB1F55D71B00CC4234 /* DetailedWeatherCollectionViewCell.swift in Sources */ = {isa = PBXBuildFile; fileRef = 87507AEA1F55D71B00CC4234 /* DetailedWeatherCollectionViewCell.swift */; settings = {ASSET_TAGS = (); }; };
		87507AED1F55D73200CC4234 /* WeatherForecastCollectionViewCell.swift in Sources */ = {isa = PBXBuildFile; fileRef = 87507AEC1F55D73200CC4234 /* WeatherForecastCollectionViewCell.swift */; settings = {ASSET_TAGS = (); }; };
		8753B8231F423BB400443903 /* WeatherAPIServiceInfo.h in Headers */ = {isa = PBXBuildFile; fileRef = 8753B8221F423BB400443903 /* WeatherAPIServiceInfo.h */; settings = {ATTRIBUTES = (Public, ); }; };
		8753B8271F423BB400443903 /* WeatherAPIServiceInfo.framework in Frameworks */ = {isa = PBXBuildFile; fileRef = 8753B8201F423BB400443903 /* WeatherAPIServiceInfo.framework */; };
		8753B8281F423BB400443903 /* WeatherAPIServiceInfo.framework in Embed Frameworks */ = {isa = PBXBuildFile; fileRef = 8753B8201F423BB400443903 /* WeatherAPIServiceInfo.framework */; settings = {ATTRIBUTES = (CodeSignOnCopy, RemoveHeadersOnCopy, ); }; };
		8753B8301F423C1400443903 /* Language.swift in Sources */ = {isa = PBXBuildFile; fileRef = 8753B82D1F423C1400443903 /* Language.swift */; settings = {ASSET_TAGS = (); }; };
		8753B8311F423C1400443903 /* Weather.swift in Sources */ = {isa = PBXBuildFile; fileRef = 8753B82E1F423C1400443903 /* Weather.swift */; settings = {ASSET_TAGS = (); }; };
		8753B8321F423C1400443903 /* WeatherAPIServiceInfo.swift in Sources */ = {isa = PBXBuildFile; fileRef = 8753B82F1F423C1400443903 /* WeatherAPIServiceInfo.swift */; settings = {ASSET_TAGS = (); }; };
		8757265D1F4793C0003724BB /* AddCityViewController.swift in Sources */ = {isa = PBXBuildFile; fileRef = 8757265C1F4793C0003724BB /* AddCityViewController.swift */; settings = {ASSET_TAGS = (); }; };
		8766AB221F3486D900AABF22 /* AppDelegate.swift in Sources */ = {isa = PBXBuildFile; fileRef = 8766AB211F3486D900AABF22 /* AppDelegate.swift */; };
		8766AB241F3486D900AABF22 /* WeatherViewController.swift in Sources */ = {isa = PBXBuildFile; fileRef = 8766AB231F3486D900AABF22 /* WeatherViewController.swift */; };
		8766AB291F3486D900AABF22 /* Assets.xcassets in Resources */ = {isa = PBXBuildFile; fileRef = 8766AB281F3486D900AABF22 /* Assets.xcassets */; };
		8766AB2C1F3486D900AABF22 /* LaunchScreen.storyboard in Resources */ = {isa = PBXBuildFile; fileRef = 8766AB2A1F3486D900AABF22 /* LaunchScreen.storyboard */; };
		8766AB371F34894A00AABF22 /* Weather.swift in Sources */ = {isa = PBXBuildFile; fileRef = 8766AB361F34894A00AABF22 /* Weather.swift */; settings = {ASSET_TAGS = (); }; };
		8766AB3C1F34911E00AABF22 /* Extensions.swift in Sources */ = {isa = PBXBuildFile; fileRef = 8766AB3B1F34911E00AABF22 /* Extensions.swift */; settings = {ASSET_TAGS = (); }; };
		8766AB401F349FF900AABF22 /* SettingsViewController.swift in Sources */ = {isa = PBXBuildFile; fileRef = 8766AB3F1F349FF900AABF22 /* SettingsViewController.swift */; settings = {ASSET_TAGS = (); }; };
		87A25B061F46F00B0051CE21 /* WeatherServiceWrapper.swift in Sources */ = {isa = PBXBuildFile; fileRef = 87A25B051F46F00B0051CE21 /* WeatherServiceWrapper.swift */; settings = {ASSET_TAGS = (); }; };
		87A25B081F46F82A0051CE21 /* City.swift in Sources */ = {isa = PBXBuildFile; fileRef = 87A25B071F46F82A0051CE21 /* City.swift */; settings = {ASSET_TAGS = (); }; };
		87A25B0A1F46FDAA0051CE21 /* city.list.json in Resources */ = {isa = PBXBuildFile; fileRef = 87A25B091F46FDAA0051CE21 /* city.list.json */; settings = {ASSET_TAGS = (); }; };
		87B016751F58413700B131BF /* UpdateWeatherView.swift in Sources */ = {isa = PBXBuildFile; fileRef = 87B016741F58413700B131BF /* UpdateWeatherView.swift */; settings = {ASSET_TAGS = (); }; };
		87DF4F531F59C93F00073D27 /* WeatherViewModel.swift in Sources */ = {isa = PBXBuildFile; fileRef = 87DF4F521F59C93F00073D27 /* WeatherViewModel.swift */; settings = {ASSET_TAGS = (); }; };
		87DF4F551F59CA0D00073D27 /* Observable.swift in Sources */ = {isa = PBXBuildFile; fileRef = 87DF4F541F59CA0D00073D27 /* Observable.swift */; settings = {ASSET_TAGS = (); }; };
		87E170791F39DDC2008222C8 /* Fonts.swift in Sources */ = {isa = PBXBuildFile; fileRef = 87E170781F39DDC2008222C8 /* Fonts.swift */; settings = {ASSET_TAGS = (); }; };
		87F080D31F5B158D0035C8F4 /* Interactor.swift in Sources */ = {isa = PBXBuildFile; fileRef = 87F080D01F5B158D0035C8F4 /* Interactor.swift */; settings = {ASSET_TAGS = (); }; };
		87F080D41F5B158D0035C8F4 /* PresentMenuAnimator.swift in Sources */ = {isa = PBXBuildFile; fileRef = 87F080D11F5B158D0035C8F4 /* PresentMenuAnimator.swift */; settings = {ASSET_TAGS = (); }; };
		87F080D51F5B158D0035C8F4 /* DismissMenuAnimator.swift in Sources */ = {isa = PBXBuildFile; fileRef = 87F080D21F5B158D0035C8F4 /* DismissMenuAnimator.swift */; settings = {ASSET_TAGS = (); }; };
		87F080D81F5B159F0035C8F4 /* MainViewController.swift in Sources */ = {isa = PBXBuildFile; fileRef = 87F080D61F5B159F0035C8F4 /* MainViewController.swift */; settings = {ASSET_TAGS = (); }; };
		87F080D91F5B159F0035C8F4 /* MenuViewController.swift in Sources */ = {isa = PBXBuildFile; fileRef = 87F080D71F5B159F0035C8F4 /* MenuViewController.swift */; settings = {ASSET_TAGS = (); }; };
		87FF836D1F39F30B00440158 /* Climacons.ttf in Resources */ = {isa = PBXBuildFile; fileRef = 87FF836C1F39F30B00440158 /* Climacons.ttf */; settings = {ASSET_TAGS = (); }; };
/* End PBXBuildFile section */

/* Begin PBXContainerItemProxy section */
		871BB7031F48D19900F29993 /* PBXContainerItemProxy */ = {
			isa = PBXContainerItemProxy;
			containerPortal = 8766AB161F3486D900AABF22 /* Project object */;
			proxyType = 1;
			remoteGlobalIDString = 871BB6F71F48D19900F29993;
			remoteInfo = WeatherWidget;
		};
		8753B8251F423BB400443903 /* PBXContainerItemProxy */ = {
			isa = PBXContainerItemProxy;
			containerPortal = 8766AB161F3486D900AABF22 /* Project object */;
			proxyType = 1;
			remoteGlobalIDString = 8753B81F1F423BB400443903;
			remoteInfo = WeatherAPIServiceInfo;
		};
/* End PBXContainerItemProxy section */

/* Begin PBXCopyFilesBuildPhase section */
		871BB7091F48D19900F29993 /* Embed App Extensions */ = {
			isa = PBXCopyFilesBuildPhase;
			buildActionMask = 2147483647;
			dstPath = "";
			dstSubfolderSpec = 13;
			files = (
				871BB7051F48D19900F29993 /* WeatherWidget.appex in Embed App Extensions */,
			);
			name = "Embed App Extensions";
			runOnlyForDeploymentPostprocessing = 0;
		};
		8753B82C1F423BB400443903 /* Embed Frameworks */ = {
			isa = PBXCopyFilesBuildPhase;
			buildActionMask = 2147483647;
			dstPath = "";
			dstSubfolderSpec = 10;
			files = (
				8753B8281F423BB400443903 /* WeatherAPIServiceInfo.framework in Embed Frameworks */,
			);
			name = "Embed Frameworks";
			runOnlyForDeploymentPostprocessing = 0;
		};
/* End PBXCopyFilesBuildPhase section */

/* Begin PBXFileReference section */
		871BB6F81F48D19900F29993 /* WeatherWidget.appex */ = {isa = PBXFileReference; explicitFileType = "wrapper.app-extension"; includeInIndex = 0; path = WeatherWidget.appex; sourceTree = BUILT_PRODUCTS_DIR; };
		871BB6FA1F48D19900F29993 /* NotificationCenter.framework */ = {isa = PBXFileReference; lastKnownFileType = wrapper.framework; name = NotificationCenter.framework; path = System/Library/Frameworks/NotificationCenter.framework; sourceTree = SDKROOT; };
		871BB6FD1F48D19900F29993 /* TodayViewController.swift */ = {isa = PBXFileReference; lastKnownFileType = sourcecode.swift; path = TodayViewController.swift; sourceTree = "<group>"; };
		871BB7001F48D19900F29993 /* Base */ = {isa = PBXFileReference; lastKnownFileType = file.storyboard; name = Base; path = Base.lproj/MainInterface.storyboard; sourceTree = "<group>"; };
		871BB7021F48D19900F29993 /* Info.plist */ = {isa = PBXFileReference; lastKnownFileType = text.plist.xml; path = Info.plist; sourceTree = "<group>"; };
		872B44E01F587F4400663951 /* AppSettings.swift */ = {isa = PBXFileReference; fileEncoding = 4; lastKnownFileType = sourcecode.swift; path = AppSettings.swift; sourceTree = "<group>"; };
		872B44E21F58893D00663951 /* JSONSerialisation.swift */ = {isa = PBXFileReference; fileEncoding = 4; lastKnownFileType = sourcecode.swift; path = JSONSerialisation.swift; sourceTree = "<group>"; };
		8736E5621F57063100766822 /* MenuHelper.swift */ = {isa = PBXFileReference; fileEncoding = 4; lastKnownFileType = sourcecode.swift; path = MenuHelper.swift; sourceTree = "<group>"; };
		8748A8CA1F56B44600AA6837 /* MenuBar.swift */ = {isa = PBXFileReference; fileEncoding = 4; lastKnownFileType = sourcecode.swift; path = MenuBar.swift; sourceTree = "<group>"; };
		87507AE81F558BEE00CC4234 /* Main.storyboard */ = {isa = PBXFileReference; fileEncoding = 4; lastKnownFileType = file.storyboard; path = Main.storyboard; sourceTree = "<group>"; };
		87507AEA1F55D71B00CC4234 /* DetailedWeatherCollectionViewCell.swift */ = {isa = PBXFileReference; fileEncoding = 4; lastKnownFileType = sourcecode.swift; path = DetailedWeatherCollectionViewCell.swift; sourceTree = "<group>"; };
		87507AEC1F55D73200CC4234 /* WeatherForecastCollectionViewCell.swift */ = {isa = PBXFileReference; fileEncoding = 4; lastKnownFileType = sourcecode.swift; path = WeatherForecastCollectionViewCell.swift; sourceTree = "<group>"; };
		8753B8201F423BB400443903 /* WeatherAPIServiceInfo.framework */ = {isa = PBXFileReference; explicitFileType = wrapper.framework; includeInIndex = 0; path = WeatherAPIServiceInfo.framework; sourceTree = BUILT_PRODUCTS_DIR; };
		8753B8221F423BB400443903 /* WeatherAPIServiceInfo.h */ = {isa = PBXFileReference; lastKnownFileType = sourcecode.c.h; path = WeatherAPIServiceInfo.h; sourceTree = "<group>"; };
		8753B8241F423BB400443903 /* Info.plist */ = {isa = PBXFileReference; lastKnownFileType = text.plist.xml; path = Info.plist; sourceTree = "<group>"; };
		8753B82D1F423C1400443903 /* Language.swift */ = {isa = PBXFileReference; fileEncoding = 4; lastKnownFileType = sourcecode.swift; path = Language.swift; sourceTree = "<group>"; };
		8753B82E1F423C1400443903 /* Weather.swift */ = {isa = PBXFileReference; fileEncoding = 4; lastKnownFileType = sourcecode.swift; path = Weather.swift; sourceTree = "<group>"; };
		8753B82F1F423C1400443903 /* WeatherAPIServiceInfo.swift */ = {isa = PBXFileReference; fileEncoding = 4; lastKnownFileType = sourcecode.swift; path = WeatherAPIServiceInfo.swift; sourceTree = "<group>"; };
		8757265C1F4793C0003724BB /* AddCityViewController.swift */ = {isa = PBXFileReference; fileEncoding = 4; lastKnownFileType = sourcecode.swift; path = AddCityViewController.swift; sourceTree = "<group>"; };
		8766AB1E1F3486D900AABF22 /* WeatherAppNew.app */ = {isa = PBXFileReference; explicitFileType = wrapper.application; includeInIndex = 0; path = WeatherAppNew.app; sourceTree = BUILT_PRODUCTS_DIR; };
		8766AB211F3486D900AABF22 /* AppDelegate.swift */ = {isa = PBXFileReference; lastKnownFileType = sourcecode.swift; path = AppDelegate.swift; sourceTree = "<group>"; };
		8766AB231F3486D900AABF22 /* WeatherViewController.swift */ = {isa = PBXFileReference; lastKnownFileType = sourcecode.swift; path = WeatherViewController.swift; sourceTree = "<group>"; };
		8766AB281F3486D900AABF22 /* Assets.xcassets */ = {isa = PBXFileReference; lastKnownFileType = folder.assetcatalog; path = Assets.xcassets; sourceTree = "<group>"; };
		8766AB2B1F3486D900AABF22 /* Base */ = {isa = PBXFileReference; lastKnownFileType = file.storyboard; name = Base; path = Base.lproj/LaunchScreen.storyboard; sourceTree = "<group>"; };
		8766AB2D1F3486D900AABF22 /* Info.plist */ = {isa = PBXFileReference; lastKnownFileType = text.plist.xml; path = Info.plist; sourceTree = "<group>"; };
		8766AB361F34894A00AABF22 /* Weather.swift */ = {isa = PBXFileReference; fileEncoding = 4; lastKnownFileType = sourcecode.swift; path = Weather.swift; sourceTree = "<group>"; };
		8766AB3B1F34911E00AABF22 /* Extensions.swift */ = {isa = PBXFileReference; fileEncoding = 4; lastKnownFileType = sourcecode.swift; path = Extensions.swift; sourceTree = "<group>"; };
		8766AB3F1F349FF900AABF22 /* SettingsViewController.swift */ = {isa = PBXFileReference; fileEncoding = 4; lastKnownFileType = sourcecode.swift; path = SettingsViewController.swift; sourceTree = "<group>"; };
		87A25B051F46F00B0051CE21 /* WeatherServiceWrapper.swift */ = {isa = PBXFileReference; fileEncoding = 4; lastKnownFileType = sourcecode.swift; path = WeatherServiceWrapper.swift; sourceTree = "<group>"; };
		87A25B071F46F82A0051CE21 /* City.swift */ = {isa = PBXFileReference; fileEncoding = 4; lastKnownFileType = sourcecode.swift; path = City.swift; sourceTree = "<group>"; };
		87A25B091F46FDAA0051CE21 /* city.list.json */ = {isa = PBXFileReference; fileEncoding = 4; lastKnownFileType = text.json; path = city.list.json; sourceTree = "<group>"; };
		87B016741F58413700B131BF /* UpdateWeatherView.swift */ = {isa = PBXFileReference; fileEncoding = 4; lastKnownFileType = sourcecode.swift; path = UpdateWeatherView.swift; sourceTree = "<group>"; };
		87DF4F521F59C93F00073D27 /* WeatherViewModel.swift */ = {isa = PBXFileReference; fileEncoding = 4; lastKnownFileType = sourcecode.swift; path = WeatherViewModel.swift; sourceTree = "<group>"; };
		87DF4F541F59CA0D00073D27 /* Observable.swift */ = {isa = PBXFileReference; fileEncoding = 4; lastKnownFileType = sourcecode.swift; path = Observable.swift; sourceTree = "<group>"; };
		87E170781F39DDC2008222C8 /* Fonts.swift */ = {isa = PBXFileReference; fileEncoding = 4; lastKnownFileType = sourcecode.swift; path = Fonts.swift; sourceTree = "<group>"; };
		87F080D01F5B158D0035C8F4 /* Interactor.swift */ = {isa = PBXFileReference; fileEncoding = 4; lastKnownFileType = sourcecode.swift; path = Interactor.swift; sourceTree = "<group>"; };
		87F080D11F5B158D0035C8F4 /* PresentMenuAnimator.swift */ = {isa = PBXFileReference; fileEncoding = 4; lastKnownFileType = sourcecode.swift; path = PresentMenuAnimator.swift; sourceTree = "<group>"; };
		87F080D21F5B158D0035C8F4 /* DismissMenuAnimator.swift */ = {isa = PBXFileReference; fileEncoding = 4; lastKnownFileType = sourcecode.swift; path = DismissMenuAnimator.swift; sourceTree = "<group>"; };
		87F080D61F5B159F0035C8F4 /* MainViewController.swift */ = {isa = PBXFileReference; fileEncoding = 4; lastKnownFileType = sourcecode.swift; path = MainViewController.swift; sourceTree = "<group>"; };
		87F080D71F5B159F0035C8F4 /* MenuViewController.swift */ = {isa = PBXFileReference; fileEncoding = 4; lastKnownFileType = sourcecode.swift; path = MenuViewController.swift; sourceTree = "<group>"; };
		87FF836C1F39F30B00440158 /* Climacons.ttf */ = {isa = PBXFileReference; lastKnownFileType = file; name = Climacons.ttf; path = ../Climacons.ttf; sourceTree = "<group>"; };
/* End PBXFileReference section */

/* Begin PBXFrameworksBuildPhase section */
		871BB6F51F48D19900F29993 /* Frameworks */ = {
			isa = PBXFrameworksBuildPhase;
			buildActionMask = 2147483647;
			files = (
				871BB6FB1F48D19900F29993 /* NotificationCenter.framework in Frameworks */,
			);
			runOnlyForDeploymentPostprocessing = 0;
		};
		8753B81C1F423BB400443903 /* Frameworks */ = {
			isa = PBXFrameworksBuildPhase;
			buildActionMask = 2147483647;
			files = (
			);
			runOnlyForDeploymentPostprocessing = 0;
		};
		8766AB1B1F3486D900AABF22 /* Frameworks */ = {
			isa = PBXFrameworksBuildPhase;
			buildActionMask = 2147483647;
			files = (
				8753B8271F423BB400443903 /* WeatherAPIServiceInfo.framework in Frameworks */,
			);
			runOnlyForDeploymentPostprocessing = 0;
		};
/* End PBXFrameworksBuildPhase section */

/* Begin PBXGroup section */
		871BB6F91F48D19900F29993 /* Frameworks */ = {
			isa = PBXGroup;
			children = (
				871BB6FA1F48D19900F29993 /* NotificationCenter.framework */,
			);
			name = Frameworks;
			sourceTree = "<group>";
		};
		871BB6FC1F48D19900F29993 /* WeatherWidget */ = {
			isa = PBXGroup;
			children = (
				871BB6FD1F48D19900F29993 /* TodayViewController.swift */,
				871BB6FF1F48D19900F29993 /* MainInterface.storyboard */,
				871BB7021F48D19900F29993 /* Info.plist */,
			);
			path = WeatherWidget;
			sourceTree = "<group>";
		};
		872B44DF1F587E3F00663951 /* Menu */ = {
			isa = PBXGroup;
			children = (
				87F080D61F5B159F0035C8F4 /* MainViewController.swift */,
				87F080D71F5B159F0035C8F4 /* MenuViewController.swift */,
				87F080D01F5B158D0035C8F4 /* Interactor.swift */,
				87F080D11F5B158D0035C8F4 /* PresentMenuAnimator.swift */,
				87F080D21F5B158D0035C8F4 /* DismissMenuAnimator.swift */,
				8736E5621F57063100766822 /* MenuHelper.swift */,
			);
			name = Menu;
			sourceTree = "<group>";
		};
		8753B8211F423BB400443903 /* WeatherAPIServiceInfo */ = {
			isa = PBXGroup;
			children = (
				8753B82D1F423C1400443903 /* Language.swift */,
				8753B82E1F423C1400443903 /* Weather.swift */,
				8753B82F1F423C1400443903 /* WeatherAPIServiceInfo.swift */,
				8753B8221F423BB400443903 /* WeatherAPIServiceInfo.h */,
				8753B8241F423BB400443903 /* Info.plist */,
			);
			path = WeatherAPIServiceInfo;
			sourceTree = "<group>";
		};
		8766AB151F3486D900AABF22 = {
			isa = PBXGroup;
			children = (
				8766AB201F3486D900AABF22 /* WeatherAppNew */,
				8753B8211F423BB400443903 /* WeatherAPIServiceInfo */,
				871BB6FC1F48D19900F29993 /* WeatherWidget */,
				871BB6F91F48D19900F29993 /* Frameworks */,
				8766AB1F1F3486D900AABF22 /* Products */,
			);
			sourceTree = "<group>";
		};
		8766AB1F1F3486D900AABF22 /* Products */ = {
			isa = PBXGroup;
			children = (
				8766AB1E1F3486D900AABF22 /* WeatherAppNew.app */,
				8753B8201F423BB400443903 /* WeatherAPIServiceInfo.framework */,
				871BB6F81F48D19900F29993 /* WeatherWidget.appex */,
			);
			name = Products;
			sourceTree = "<group>";
		};
		8766AB201F3486D900AABF22 /* WeatherAppNew */ = {
			isa = PBXGroup;
			children = (
				8766AB341F34891F00AABF22 /* Views */,
				87E170751F39D618008222C8 /* Resources */,
				8766AB351F34892B00AABF22 /* Models */,
				8766AB381F3489AE00AABF22 /* Common */,
				8766AB331F34890A00AABF22 /* Controllers */,
				8766AB3B1F34911E00AABF22 /* Extensions.swift */,
			);
			path = WeatherAppNew;
			sourceTree = "<group>";
		};
		8766AB331F34890A00AABF22 /* Controllers */ = {
			isa = PBXGroup;
			children = (
				8766AB231F3486D900AABF22 /* WeatherViewController.swift */,
				8766AB3F1F349FF900AABF22 /* SettingsViewController.swift */,
				8757265C1F4793C0003724BB /* AddCityViewController.swift */,
			);
			name = Controllers;
			sourceTree = "<group>";
		};
		8766AB341F34891F00AABF22 /* Views */ = {
			isa = PBXGroup;
			children = (
				8766AB2A1F3486D900AABF22 /* LaunchScreen.storyboard */,
				87507AE81F558BEE00CC4234 /* Main.storyboard */,
				87507AEA1F55D71B00CC4234 /* DetailedWeatherCollectionViewCell.swift */,
				872B44DF1F587E3F00663951 /* Menu */,
				8748A8CA1F56B44600AA6837 /* MenuBar.swift */,
				87507AEC1F55D73200CC4234 /* WeatherForecastCollectionViewCell.swift */,
				87B016741F58413700B131BF /* UpdateWeatherView.swift */,
			);
			name = Views;
			sourceTree = "<group>";
		};
		8766AB351F34892B00AABF22 /* Models */ = {
			isa = PBXGroup;
			children = (
				8766AB361F34894A00AABF22 /* Weather.swift */,
				87DF4F521F59C93F00073D27 /* WeatherViewModel.swift */,
			);
			name = Models;
			sourceTree = "<group>";
		};
		8766AB381F3489AE00AABF22 /* Common */ = {
			isa = PBXGroup;
			children = (
				8766AB211F3486D900AABF22 /* AppDelegate.swift */,
				8766AB2D1F3486D900AABF22 /* Info.plist */,
				87E170781F39DDC2008222C8 /* Fonts.swift */,
				87A25B051F46F00B0051CE21 /* WeatherServiceWrapper.swift */,
				87A25B071F46F82A0051CE21 /* City.swift */,
				872B44E01F587F4400663951 /* AppSettings.swift */,
				872B44E21F58893D00663951 /* JSONSerialisation.swift */,
				87DF4F541F59CA0D00073D27 /* Observable.swift */,
			);
			name = Common;
			sourceTree = "<group>";
		};
		87E170751F39D618008222C8 /* Resources */ = {
			isa = PBXGroup;
			children = (
				87A25B091F46FDAA0051CE21 /* city.list.json */,
				87FF836C1F39F30B00440158 /* Climacons.ttf */,
				8766AB281F3486D900AABF22 /* Assets.xcassets */,
			);
			name = Resources;
			sourceTree = "<group>";
		};
/* End PBXGroup section */

/* Begin PBXHeadersBuildPhase section */
		8753B81D1F423BB400443903 /* Headers */ = {
			isa = PBXHeadersBuildPhase;
			buildActionMask = 2147483647;
			files = (
				8753B8231F423BB400443903 /* WeatherAPIServiceInfo.h in Headers */,
			);
			runOnlyForDeploymentPostprocessing = 0;
		};
/* End PBXHeadersBuildPhase section */

/* Begin PBXNativeTarget section */
		871BB6F71F48D19900F29993 /* WeatherWidget */ = {
			isa = PBXNativeTarget;
			buildConfigurationList = 871BB7081F48D19900F29993 /* Build configuration list for PBXNativeTarget "WeatherWidget" */;
			buildPhases = (
				871BB6F41F48D19900F29993 /* Sources */,
				871BB6F51F48D19900F29993 /* Frameworks */,
				871BB6F61F48D19900F29993 /* Resources */,
			);
			buildRules = (
			);
			dependencies = (
			);
			name = WeatherWidget;
			productName = WeatherWidget;
			productReference = 871BB6F81F48D19900F29993 /* WeatherWidget.appex */;
			productType = "com.apple.product-type.app-extension";
		};
		8753B81F1F423BB400443903 /* WeatherAPIServiceInfo */ = {
			isa = PBXNativeTarget;
			buildConfigurationList = 8753B82B1F423BB400443903 /* Build configuration list for PBXNativeTarget "WeatherAPIServiceInfo" */;
			buildPhases = (
				8753B81B1F423BB400443903 /* Sources */,
				8753B81C1F423BB400443903 /* Frameworks */,
				8753B81D1F423BB400443903 /* Headers */,
				8753B81E1F423BB400443903 /* Resources */,
			);
			buildRules = (
			);
			dependencies = (
			);
			name = WeatherAPIServiceInfo;
			productName = WeatherAPIServiceInfo;
			productReference = 8753B8201F423BB400443903 /* WeatherAPIServiceInfo.framework */;
			productType = "com.apple.product-type.framework";
		};
		8766AB1D1F3486D900AABF22 /* WeatherAppNew */ = {
			isa = PBXNativeTarget;
			buildConfigurationList = 8766AB301F3486D900AABF22 /* Build configuration list for PBXNativeTarget "WeatherAppNew" */;
			buildPhases = (
				8766AB1A1F3486D900AABF22 /* Sources */,
				8766AB1B1F3486D900AABF22 /* Frameworks */,
				8766AB1C1F3486D900AABF22 /* Resources */,
				8753B82C1F423BB400443903 /* Embed Frameworks */,
				871BB7091F48D19900F29993 /* Embed App Extensions */,
			);
			buildRules = (
			);
			dependencies = (
				8753B8261F423BB400443903 /* PBXTargetDependency */,
				871BB7041F48D19900F29993 /* PBXTargetDependency */,
			);
			name = WeatherAppNew;
			productName = WeatherAppNew;
			productReference = 8766AB1E1F3486D900AABF22 /* WeatherAppNew.app */;
			productType = "com.apple.product-type.application";
		};
/* End PBXNativeTarget section */

/* Begin PBXProject section */
		8766AB161F3486D900AABF22 /* Project object */ = {
			isa = PBXProject;
			attributes = {
				LastSwiftUpdateCheck = 0700;
				LastUpgradeCheck = 0700;
				ORGANIZATIONNAME = "Vladyslav Shepitko";
				TargetAttributes = {
					871BB6F71F48D19900F29993 = {
						CreatedOnToolsVersion = 7.0;
						DevelopmentTeam = 52R582CQR2;
					};
					8753B81F1F423BB400443903 = {
						CreatedOnToolsVersion = 7.0;
						DevelopmentTeam = 52R582CQR2;
					};
					8766AB1D1F3486D900AABF22 = {
						CreatedOnToolsVersion = 7.0;
						DevelopmentTeam = 52R582CQR2;
					};
				};
			};
			buildConfigurationList = 8766AB191F3486D900AABF22 /* Build configuration list for PBXProject "WeatherAppNew" */;
			compatibilityVersion = "Xcode 3.2";
			developmentRegion = English;
			hasScannedForEncodings = 0;
			knownRegions = (
				en,
				Base,
			);
			mainGroup = 8766AB151F3486D900AABF22;
			productRefGroup = 8766AB1F1F3486D900AABF22 /* Products */;
			projectDirPath = "";
			projectRoot = "";
			targets = (
				8766AB1D1F3486D900AABF22 /* WeatherAppNew */,
				8753B81F1F423BB400443903 /* WeatherAPIServiceInfo */,
				871BB6F71F48D19900F29993 /* WeatherWidget */,
			);
		};
/* End PBXProject section */

/* Begin PBXResourcesBuildPhase section */
		871BB6F61F48D19900F29993 /* Resources */ = {
			isa = PBXResourcesBuildPhase;
			buildActionMask = 2147483647;
			files = (
				871BB7011F48D19900F29993 /* MainInterface.storyboard in Resources */,
			);
			runOnlyForDeploymentPostprocessing = 0;
		};
		8753B81E1F423BB400443903 /* Resources */ = {
			isa = PBXResourcesBuildPhase;
			buildActionMask = 2147483647;
			files = (
			);
			runOnlyForDeploymentPostprocessing = 0;
		};
		8766AB1C1F3486D900AABF22 /* Resources */ = {
			isa = PBXResourcesBuildPhase;
			buildActionMask = 2147483647;
			files = (
				87FF836D1F39F30B00440158 /* Climacons.ttf in Resources */,
				87A25B0A1F46FDAA0051CE21 /* city.list.json in Resources */,
				8766AB2C1F3486D900AABF22 /* LaunchScreen.storyboard in Resources */,
				87507AE91F558BEE00CC4234 /* Main.storyboard in Resources */,
				8766AB291F3486D900AABF22 /* Assets.xcassets in Resources */,
			);
			runOnlyForDeploymentPostprocessing = 0;
		};
/* End PBXResourcesBuildPhase section */

/* Begin PBXSourcesBuildPhase section */
		871BB6F41F48D19900F29993 /* Sources */ = {
			isa = PBXSourcesBuildPhase;
			buildActionMask = 2147483647;
			files = (
				871BB6FE1F48D19900F29993 /* TodayViewController.swift in Sources */,
			);
			runOnlyForDeploymentPostprocessing = 0;
		};
		8753B81B1F423BB400443903 /* Sources */ = {
			isa = PBXSourcesBuildPhase;
			buildActionMask = 2147483647;
			files = (
				8753B8311F423C1400443903 /* Weather.swift in Sources */,
				8753B8321F423C1400443903 /* WeatherAPIServiceInfo.swift in Sources */,
				8753B8301F423C1400443903 /* Language.swift in Sources */,
			);
			runOnlyForDeploymentPostprocessing = 0;
		};
		8766AB1A1F3486D900AABF22 /* Sources */ = {
			isa = PBXSourcesBuildPhase;
			buildActionMask = 2147483647;
			files = (
				87E170791F39DDC2008222C8 /* Fonts.swift in Sources */,
				87F080D81F5B159F0035C8F4 /* MainViewController.swift in Sources */,
				8766AB3C1F34911E00AABF22 /* Extensions.swift in Sources */,
				87A25B061F46F00B0051CE21 /* WeatherServiceWrapper.swift in Sources */,
				87F080D51F5B158D0035C8F4 /* DismissMenuAnimator.swift in Sources */,
				872B44E31F58893D00663951 /* JSONSerialisation.swift in Sources */,
				87DF4F551F59CA0D00073D27 /* Observable.swift in Sources */,
				87B016751F58413700B131BF /* UpdateWeatherView.swift in Sources */,
				8736E5631F57063100766822 /* MenuHelper.swift in Sources */,
				8766AB241F3486D900AABF22 /* WeatherViewController.swift in Sources */,
				8766AB401F349FF900AABF22 /* SettingsViewController.swift in Sources */,
				87507AED1F55D73200CC4234 /* WeatherForecastCollectionViewCell.swift in Sources */,
				872B44E11F587F4400663951 /* AppSettings.swift in Sources */,
				8766AB371F34894A00AABF22 /* Weather.swift in Sources */,
				87DF4F531F59C93F00073D27 /* WeatherViewModel.swift in Sources */,
				87F080D41F5B158D0035C8F4 /* PresentMenuAnimator.swift in Sources */,
				8766AB221F3486D900AABF22 /* AppDelegate.swift in Sources */,
				8748A8CB1F56B44600AA6837 /* MenuBar.swift in Sources */,
				87F080D31F5B158D0035C8F4 /* Interactor.swift in Sources */,
				8757265D1F4793C0003724BB /* AddCityViewController.swift in Sources */,
				87507AEB1F55D71B00CC4234 /* DetailedWeatherCollectionViewCell.swift in Sources */,
				87A25B081F46F82A0051CE21 /* City.swift in Sources */,
				87F080D91F5B159F0035C8F4 /* MenuViewController.swift in Sources */,
			);
			runOnlyForDeploymentPostprocessing = 0;
		};
/* End PBXSourcesBuildPhase section */

/* Begin PBXTargetDependency section */
		871BB7041F48D19900F29993 /* PBXTargetDependency */ = {
			isa = PBXTargetDependency;
			target = 871BB6F71F48D19900F29993 /* WeatherWidget */;
			targetProxy = 871BB7031F48D19900F29993 /* PBXContainerItemProxy */;
		};
		8753B8261F423BB400443903 /* PBXTargetDependency */ = {
			isa = PBXTargetDependency;
			target = 8753B81F1F423BB400443903 /* WeatherAPIServiceInfo */;
			targetProxy = 8753B8251F423BB400443903 /* PBXContainerItemProxy */;
		};
/* End PBXTargetDependency section */

/* Begin PBXVariantGroup section */
		871BB6FF1F48D19900F29993 /* MainInterface.storyboard */ = {
			isa = PBXVariantGroup;
			children = (
				871BB7001F48D19900F29993 /* Base */,
			);
			name = MainInterface.storyboard;
			sourceTree = "<group>";
		};
		8766AB2A1F3486D900AABF22 /* LaunchScreen.storyboard */ = {
			isa = PBXVariantGroup;
			children = (
				8766AB2B1F3486D900AABF22 /* Base */,
			);
			name = LaunchScreen.storyboard;
			sourceTree = "<group>";
		};
/* End PBXVariantGroup section */

/* Begin XCBuildConfiguration section */
		871BB7061F48D19900F29993 /* Debug */ = {
			isa = XCBuildConfiguration;
			buildSettings = {
				INFOPLIST_FILE = WeatherWidget/Info.plist;
				LD_RUNPATH_SEARCH_PATHS = "$(inherited) @executable_path/Frameworks @executable_path/../../Frameworks";
				PRODUCT_BUNDLE_IDENTIFIER = com.VSApps.WeatherAppNew.WeatherWidget;
				PRODUCT_NAME = "$(TARGET_NAME)";
				SKIP_INSTALL = YES;
			};
			name = Debug;
		};
		871BB7071F48D19900F29993 /* Release */ = {
			isa = XCBuildConfiguration;
			buildSettings = {
				INFOPLIST_FILE = WeatherWidget/Info.plist;
				LD_RUNPATH_SEARCH_PATHS = "$(inherited) @executable_path/Frameworks @executable_path/../../Frameworks";
				PRODUCT_BUNDLE_IDENTIFIER = com.VSApps.WeatherAppNew.WeatherWidget;
				PRODUCT_NAME = "$(TARGET_NAME)";
				SKIP_INSTALL = YES;
			};
			name = Release;
		};
		8753B8291F423BB400443903 /* Debug */ = {
			isa = XCBuildConfiguration;
			buildSettings = {
				APPLICATION_EXTENSION_API_ONLY = YES;
				CLANG_ENABLE_MODULES = YES;
				CURRENT_PROJECT_VERSION = 1;
				DEFINES_MODULE = YES;
				DYLIB_COMPATIBILITY_VERSION = 1;
				DYLIB_CURRENT_VERSION = 1;
				DYLIB_INSTALL_NAME_BASE = "@rpath";
				INFOPLIST_FILE = WeatherAPIServiceInfo/Info.plist;
				INSTALL_PATH = "$(LOCAL_LIBRARY_DIR)/Frameworks";
				IPHONEOS_DEPLOYMENT_TARGET = 9.0;
				LD_RUNPATH_SEARCH_PATHS = "$(inherited) @executable_path/Frameworks @loader_path/Frameworks";
				PRODUCT_BUNDLE_IDENTIFIER = com.SVApps.WeatherAPIServiceInfo;
				PRODUCT_NAME = "$(TARGET_NAME)";
				SKIP_INSTALL = YES;
				SWIFT_OPTIMIZATION_LEVEL = "-Onone";
				TARGETED_DEVICE_FAMILY = "1,2";
				VERSIONING_SYSTEM = "apple-generic";
				VERSION_INFO_PREFIX = "";
			};
			name = Debug;
		};
		8753B82A1F423BB400443903 /* Release */ = {
			isa = XCBuildConfiguration;
			buildSettings = {
				APPLICATION_EXTENSION_API_ONLY = YES;
				CLANG_ENABLE_MODULES = YES;
				CURRENT_PROJECT_VERSION = 1;
				DEFINES_MODULE = YES;
				DYLIB_COMPATIBILITY_VERSION = 1;
				DYLIB_CURRENT_VERSION = 1;
				DYLIB_INSTALL_NAME_BASE = "@rpath";
				INFOPLIST_FILE = WeatherAPIServiceInfo/Info.plist;
				INSTALL_PATH = "$(LOCAL_LIBRARY_DIR)/Frameworks";
				IPHONEOS_DEPLOYMENT_TARGET = 9.0;
				LD_RUNPATH_SEARCH_PATHS = "$(inherited) @executable_path/Frameworks @loader_path/Frameworks";
				PRODUCT_BUNDLE_IDENTIFIER = com.SVApps.WeatherAPIServiceInfo;
				PRODUCT_NAME = "$(TARGET_NAME)";
				SKIP_INSTALL = YES;
				TARGETED_DEVICE_FAMILY = "1,2";
				VERSIONING_SYSTEM = "apple-generic";
				VERSION_INFO_PREFIX = "";
			};
			name = Release;
		};
		8766AB2E1F3486D900AABF22 /* Debug */ = {
			isa = XCBuildConfiguration;
			buildSettings = {
				ALWAYS_SEARCH_USER_PATHS = NO;
				CLANG_CXX_LANGUAGE_STANDARD = "gnu++0x";
				CLANG_CXX_LIBRARY = "libc++";
				CLANG_ENABLE_MODULES = YES;
				CLANG_ENABLE_OBJC_ARC = YES;
				CLANG_WARN_BOOL_CONVERSION = YES;
				CLANG_WARN_CONSTANT_CONVERSION = YES;
				CLANG_WARN_DIRECT_OBJC_ISA_USAGE = YES_ERROR;
				CLANG_WARN_EMPTY_BODY = YES;
				CLANG_WARN_ENUM_CONVERSION = YES;
				CLANG_WARN_INT_CONVERSION = YES;
				CLANG_WARN_OBJC_ROOT_CLASS = YES_ERROR;
				CLANG_WARN_UNREACHABLE_CODE = YES;
				CLANG_WARN__DUPLICATE_METHOD_MATCH = YES;
				"CODE_SIGN_IDENTITY[sdk=iphoneos*]" = "iPhone Developer";
				COPY_PHASE_STRIP = NO;
				DEBUG_INFORMATION_FORMAT = dwarf;
				ENABLE_STRICT_OBJC_MSGSEND = YES;
				ENABLE_TESTABILITY = YES;
				GCC_C_LANGUAGE_STANDARD = gnu99;
				GCC_DYNAMIC_NO_PIC = NO;
				GCC_NO_COMMON_BLOCKS = YES;
				GCC_OPTIMIZATION_LEVEL = 0;
				GCC_PREPROCESSOR_DEFINITIONS = (
					"DEBUG=1",
					"$(inherited)",
				);
				GCC_WARN_64_TO_32_BIT_CONVERSION = YES;
				GCC_WARN_ABOUT_RETURN_TYPE = YES_ERROR;
				GCC_WARN_UNDECLARED_SELECTOR = YES;
				GCC_WARN_UNINITIALIZED_AUTOS = YES_AGGRESSIVE;
				GCC_WARN_UNUSED_FUNCTION = YES;
				GCC_WARN_UNUSED_VARIABLE = YES;
				IPHONEOS_DEPLOYMENT_TARGET = 9.0;
				MTL_ENABLE_DEBUG_INFO = YES;
				ONLY_ACTIVE_ARCH = YES;
				SDKROOT = iphoneos;
				SWIFT_OPTIMIZATION_LEVEL = "-Onone";
			};
			name = Debug;
		};
		8766AB2F1F3486D900AABF22 /* Release */ = {
			isa = XCBuildConfiguration;
			buildSettings = {
				ALWAYS_SEARCH_USER_PATHS = NO;
				CLANG_CXX_LANGUAGE_STANDARD = "gnu++0x";
				CLANG_CXX_LIBRARY = "libc++";
				CLANG_ENABLE_MODULES = YES;
				CLANG_ENABLE_OBJC_ARC = YES;
				CLANG_WARN_BOOL_CONVERSION = YES;
				CLANG_WARN_CONSTANT_CONVERSION = YES;
				CLANG_WARN_DIRECT_OBJC_ISA_USAGE = YES_ERROR;
				CLANG_WARN_EMPTY_BODY = YES;
				CLANG_WARN_ENUM_CONVERSION = YES;
				CLANG_WARN_INT_CONVERSION = YES;
				CLANG_WARN_OBJC_ROOT_CLASS = YES_ERROR;
				CLANG_WARN_UNREACHABLE_CODE = YES;
				CLANG_WARN__DUPLICATE_METHOD_MATCH = YES;
				"CODE_SIGN_IDENTITY[sdk=iphoneos*]" = "iPhone Developer";
				COPY_PHASE_STRIP = NO;
				DEBUG_INFORMATION_FORMAT = "dwarf-with-dsym";
				ENABLE_NS_ASSERTIONS = NO;
				ENABLE_STRICT_OBJC_MSGSEND = YES;
				GCC_C_LANGUAGE_STANDARD = gnu99;
				GCC_NO_COMMON_BLOCKS = YES;
				GCC_WARN_64_TO_32_BIT_CONVERSION = YES;
				GCC_WARN_ABOUT_RETURN_TYPE = YES_ERROR;
				GCC_WARN_UNDECLARED_SELECTOR = YES;
				GCC_WARN_UNINITIALIZED_AUTOS = YES_AGGRESSIVE;
				GCC_WARN_UNUSED_FUNCTION = YES;
				GCC_WARN_UNUSED_VARIABLE = YES;
				IPHONEOS_DEPLOYMENT_TARGET = 9.0;
				MTL_ENABLE_DEBUG_INFO = NO;
				SDKROOT = iphoneos;
				VALIDATE_PRODUCT = YES;
			};
			name = Release;
		};
		8766AB311F3486D900AABF22 /* Debug */ = {
			isa = XCBuildConfiguration;
			buildSettings = {
				ASSETCATALOG_COMPILER_APPICON_NAME = AppIcon;
				EMBEDDED_CONTENT_CONTAINS_SWIFT = YES;
				INFOPLIST_FILE = WeatherAppNew/Info.plist;
				IPHONEOS_DEPLOYMENT_TARGET = 9.0;
				LD_RUNPATH_SEARCH_PATHS = "$(inherited) @executable_path/Frameworks";
				PRODUCT_BUNDLE_IDENTIFIER = com.VSApps.WeatherAppNew;
				PRODUCT_NAME = "$(TARGET_NAME)";
			};
			name = Debug;
		};
		8766AB321F3486D900AABF22 /* Release */ = {
			isa = XCBuildConfiguration;
			buildSettings = {
				ASSETCATALOG_COMPILER_APPICON_NAME = AppIcon;
				EMBEDDED_CONTENT_CONTAINS_SWIFT = YES;
				INFOPLIST_FILE = WeatherAppNew/Info.plist;
				IPHONEOS_DEPLOYMENT_TARGET = 9.0;
				LD_RUNPATH_SEARCH_PATHS = "$(inherited) @executable_path/Frameworks";
				PRODUCT_BUNDLE_IDENTIFIER = com.VSApps.WeatherAppNew;
				PRODUCT_NAME = "$(TARGET_NAME)";
			};
			name = Release;
		};
/* End XCBuildConfiguration section */

/* Begin XCConfigurationList section */
		871BB7081F48D19900F29993 /* Build configuration list for PBXNativeTarget "WeatherWidget" */ = {
			isa = XCConfigurationList;
			buildConfigurations = (
				871BB7061F48D19900F29993 /* Debug */,
				871BB7071F48D19900F29993 /* Release */,
			);
			defaultConfigurationIsVisible = 0;
			defaultConfigurationName = Release;
		};
		8753B82B1F423BB400443903 /* Build configuration list for PBXNativeTarget "WeatherAPIServiceInfo" */ = {
			isa = XCConfigurationList;
			buildConfigurations = (
				8753B8291F423BB400443903 /* Debug */,
				8753B82A1F423BB400443903 /* Release */,
			);
			defaultConfigurationIsVisible = 0;
			defaultConfigurationName = Release;
		};
		8766AB191F3486D900AABF22 /* Build configuration list for PBXProject "WeatherAppNew" */ = {
			isa = XCConfigurationList;
			buildConfigurations = (
				8766AB2E1F3486D900AABF22 /* Debug */,
				8766AB2F1F3486D900AABF22 /* Release */,
			);
			defaultConfigurationIsVisible = 0;
			defaultConfigurationName = Release;
		};
		8766AB301F3486D900AABF22 /* Build configuration list for PBXNativeTarget "WeatherAppNew" */ = {
			isa = XCConfigurationList;
			buildConfigurations = (
				8766AB311F3486D900AABF22 /* Debug */,
				8766AB321F3486D900AABF22 /* Release */,
			);
			defaultConfigurationIsVisible = 0;
			defaultConfigurationName = Release;
		};
/* End XCConfigurationList section */
	};
	rootObject = 8766AB161F3486D900AABF22 /* Project object */;
}
